
Microsoft Visual Studio Solution File, Format Version 12.00
# Visual Studio 15
VisualStudioVersion = 15.0.27703.2026
MinimumVisualStudioVersion = 10.0.40219.1
Project("{FAE04EC0-301F-11D3-BF4B-00C04F79EFBC}") = "EnergyBill_KyleHinton", "EnergyBill_KyleHinton\EnergyBill_KyleHinton.csproj", "{4A7BACBC-F8B3-42D4-969F-B70DE4BC93B6}"
EndProject
Global
	GlobalSection(SolutionConfigurationPlatforms) = preSolution
		Debug|Any CPU = Debug|Any CPU
		Release|Any CPU = Release|Any CPU
	EndGlobalSection
	GlobalSection(ProjectConfigurationPlatforms) = postSolution
		{4A7BACBC-F8B3-42D4-969F-B70DE4BC93B6}.Debug|Any CPU.ActiveCfg = Debug|Any CPU
		{4A7BACBC-F8B3-42D4-969F-B70DE4BC93B6}.Debug|Any CPU.Build.0 = Debug|Any CPU
		{4A7BACBC-F8B3-42D4-969F-B70DE4BC93B6}.Release|Any CPU.ActiveCfg = Release|Any CPU
		{4A7BACBC-F8B3-42D4-969F-B70DE4BC93B6}.Release|Any CPU.Build.0 = Release|Any CPU
	EndGlobalSection
	GlobalSection(SolutionProperties) = preSolution
		HideSolutionNode = FALSE
	EndGlobalSection
	GlobalSection(ExtensibilityGlobals) = postSolution
		SolutionGuid = {746F948F-00B4-4634-B648-CF7CADC95A5D}
	EndGlobalSection
EndGlobal
